
Microsoft Visual Studio Solution File, Format Version 12.00
# Visual Studio Version 17
VisualStudioVersion = 17.6.33829.357
MinimumVisualStudioVersion = 10.0.40219.1
Project("{FAE04EC0-301F-11D3-BF4B-00C04F79EFBC}") = "ReactGramAPI", "ReactGramAPI\ReactGramAPI.csproj", "{BCBF7E74-C00D-47E2-BAFF-1D154BFE6923}"
EndProject
Global
	GlobalSection(SolutionConfigurationPlatforms) = preSolution
		Debug|Any CPU = Debug|Any CPU
		Release|Any CPU = Release|Any CPU
	EndGlobalSection
	GlobalSection(ProjectConfigurationPlatforms) = postSolution
		{BCBF7E74-C00D-47E2-BAFF-1D154BFE6923}.Debug|Any CPU.ActiveCfg = Debug|Any CPU
		{BCBF7E74-C00D-47E2-BAFF-1D154BFE6923}.Debug|Any CPU.Build.0 = Debug|Any CPU
		{BCBF7E74-C00D-47E2-BAFF-1D154BFE6923}.Release|Any CPU.ActiveCfg = Release|Any CPU
		{BCBF7E74-C00D-47E2-BAFF-1D154BFE6923}.Release|Any CPU.Build.0 = Release|Any CPU
	EndGlobalSection
	GlobalSection(SolutionProperties) = preSolution
		HideSolutionNode = FALSE
	EndGlobalSection
	GlobalSection(ExtensibilityGlobals) = postSolution
		SolutionGuid = {AFAAC0CE-3F7E-4D13-AD65-6EFDF13ADC7D}
	EndGlobalSection
EndGlobal
